
Microsoft Visual Studio Solution File, Format Version 12.00
# Visual Studio Version 16
VisualStudioVersion = 16.0.30717.126
MinimumVisualStudioVersion = 10.0.40219.1
Project("{FAE04EC0-301F-11D3-BF4B-00C04F79EFBC}") = "Sender", "src\Sender\Sender.csproj", "{EDDC3D69-6415-48A2-8435-80BA6BDEB339}"
EndProject
Project("{FAE04EC0-301F-11D3-BF4B-00C04F79EFBC}") = "Receiver", "src\Receiver\Receiver.csproj", "{A844ECC4-8A38-4888-826B-37C2C30D6442}"
EndProject
Project("{FAE04EC0-301F-11D3-BF4B-00C04F79EFBC}") = "Settings", "src\Settings\Settings.csproj", "{D3ACE176-2ED2-4538-8B85-0970F4C91E8B}"
EndProject
Global
	GlobalSection(SolutionConfigurationPlatforms) = preSolution
		Debug|Any CPU = Debug|Any CPU
		Release|Any CPU = Release|Any CPU
	EndGlobalSection
	GlobalSection(ProjectConfigurationPlatforms) = postSolution
		{EDDC3D69-6415-48A2-8435-80BA6BDEB339}.Debug|Any CPU.ActiveCfg = Debug|Any CPU
		{EDDC3D69-6415-48A2-8435-80BA6BDEB339}.Debug|Any CPU.Build.0 = Debug|Any CPU
		{EDDC3D69-6415-48A2-8435-80BA6BDEB339}.Release|Any CPU.ActiveCfg = Release|Any CPU
		{EDDC3D69-6415-48A2-8435-80BA6BDEB339}.Release|Any CPU.Build.0 = Release|Any CPU
		{A844ECC4-8A38-4888-826B-37C2C30D6442}.Debug|Any CPU.ActiveCfg = Debug|Any CPU
		{A844ECC4-8A38-4888-826B-37C2C30D6442}.Debug|Any CPU.Build.0 = Debug|Any CPU
		{A844ECC4-8A38-4888-826B-37C2C30D6442}.Release|Any CPU.ActiveCfg = Release|Any CPU
		{A844ECC4-8A38-4888-826B-37C2C30D6442}.Release|Any CPU.Build.0 = Release|Any CPU
		{D3ACE176-2ED2-4538-8B85-0970F4C91E8B}.Debug|Any CPU.ActiveCfg = Debug|Any CPU
		{D3ACE176-2ED2-4538-8B85-0970F4C91E8B}.Debug|Any CPU.Build.0 = Debug|Any CPU
		{D3ACE176-2ED2-4538-8B85-0970F4C91E8B}.Release|Any CPU.ActiveCfg = Release|Any CPU
		{D3ACE176-2ED2-4538-8B85-0970F4C91E8B}.Release|Any CPU.Build.0 = Release|Any CPU
	EndGlobalSection
	GlobalSection(SolutionProperties) = preSolution
		HideSolutionNode = FALSE
	EndGlobalSection
	GlobalSection(ExtensibilityGlobals) = postSolution
		SolutionGuid = {A892F13C-6955-49C1-B405-13540FD59091}
	EndGlobalSection
EndGlobal
